
Microsoft Visual Studio Solution File, Format Version 12.00
# Visual Studio 15
VisualStudioVersion = 15.0.26124.0
MinimumVisualStudioVersion = 15.0.26124.0
Project("{FAE04EC0-301F-11D3-BF4B-00C04F79EFBC}") = "Domain", "Domain\Domain.csproj", "{A3241A4A-C1F2-4371-AF26-35B571885D62}"
EndProject
Project("{FAE04EC0-301F-11D3-BF4B-00C04F79EFBC}") = "Application", "Application\Application.csproj", "{469C36EB-C451-4726-81B0-F4C960AFA6D4}"
EndProject
Project("{FAE04EC0-301F-11D3-BF4B-00C04F79EFBC}") = "Persistance", "Persistance\Persistance.csproj", "{09E92871-BA7E-434C-A59B-17D52A9D6F77}"
EndProject
Project("{FAE04EC0-301F-11D3-BF4B-00C04F79EFBC}") = "API", "API\API.csproj", "{48A9E81E-091A-476F-8BA1-841743BAB8A3}"
EndProject
Global
	GlobalSection(SolutionConfigurationPlatforms) = preSolution
		Debug|Any CPU = Debug|Any CPU
		Debug|x64 = Debug|x64
		Debug|x86 = Debug|x86
		Release|Any CPU = Release|Any CPU
		Release|x64 = Release|x64
		Release|x86 = Release|x86
	EndGlobalSection
	GlobalSection(SolutionProperties) = preSolution
		HideSolutionNode = FALSE
	EndGlobalSection
	GlobalSection(ProjectConfigurationPlatforms) = postSolution
		{A3241A4A-C1F2-4371-AF26-35B571885D62}.Debug|Any CPU.ActiveCfg = Debug|Any CPU
		{A3241A4A-C1F2-4371-AF26-35B571885D62}.Debug|Any CPU.Build.0 = Debug|Any CPU
		{A3241A4A-C1F2-4371-AF26-35B571885D62}.Debug|x64.ActiveCfg = Debug|Any CPU
		{A3241A4A-C1F2-4371-AF26-35B571885D62}.Debug|x64.Build.0 = Debug|Any CPU
		{A3241A4A-C1F2-4371-AF26-35B571885D62}.Debug|x86.ActiveCfg = Debug|Any CPU
		{A3241A4A-C1F2-4371-AF26-35B571885D62}.Debug|x86.Build.0 = Debug|Any CPU
		{A3241A4A-C1F2-4371-AF26-35B571885D62}.Release|Any CPU.ActiveCfg = Release|Any CPU
		{A3241A4A-C1F2-4371-AF26-35B571885D62}.Release|Any CPU.Build.0 = Release|Any CPU
		{A3241A4A-C1F2-4371-AF26-35B571885D62}.Release|x64.ActiveCfg = Release|Any CPU
		{A3241A4A-C1F2-4371-AF26-35B571885D62}.Release|x64.Build.0 = Release|Any CPU
		{A3241A4A-C1F2-4371-AF26-35B571885D62}.Release|x86.ActiveCfg = Release|Any CPU
		{A3241A4A-C1F2-4371-AF26-35B571885D62}.Release|x86.Build.0 = Release|Any CPU
		{469C36EB-C451-4726-81B0-F4C960AFA6D4}.Debug|Any CPU.ActiveCfg = Debug|Any CPU
		{469C36EB-C451-4726-81B0-F4C960AFA6D4}.Debug|Any CPU.Build.0 = Debug|Any CPU
		{469C36EB-C451-4726-81B0-F4C960AFA6D4}.Debug|x64.ActiveCfg = Debug|Any CPU
		{469C36EB-C451-4726-81B0-F4C960AFA6D4}.Debug|x64.Build.0 = Debug|Any CPU
		{469C36EB-C451-4726-81B0-F4C960AFA6D4}.Debug|x86.ActiveCfg = Debug|Any CPU
		{469C36EB-C451-4726-81B0-F4C960AFA6D4}.Debug|x86.Build.0 = Debug|Any CPU
		{469C36EB-C451-4726-81B0-F4C960AFA6D4}.Release|Any CPU.ActiveCfg = Release|Any CPU
		{469C36EB-C451-4726-81B0-F4C960AFA6D4}.Release|Any CPU.Build.0 = Release|Any CPU
		{469C36EB-C451-4726-81B0-F4C960AFA6D4}.Release|x64.ActiveCfg = Release|Any CPU
		{469C36EB-C451-4726-81B0-F4C960AFA6D4}.Release|x64.Build.0 = Release|Any CPU
		{469C36EB-C451-4726-81B0-F4C960AFA6D4}.Release|x86.ActiveCfg = Release|Any CPU
		{469C36EB-C451-4726-81B0-F4C960AFA6D4}.Release|x86.Build.0 = Release|Any CPU
		{09E92871-BA7E-434C-A59B-17D52A9D6F77}.Debug|Any CPU.ActiveCfg = Debug|Any CPU
		{09E92871-BA7E-434C-A59B-17D52A9D6F77}.Debug|Any CPU.Build.0 = Debug|Any CPU
		{09E92871-BA7E-434C-A59B-17D52A9D6F77}.Debug|x64.ActiveCfg = Debug|Any CPU
		{09E92871-BA7E-434C-A59B-17D52A9D6F77}.Debug|x64.Build.0 = Debug|Any CPU
		{09E92871-BA7E-434C-A59B-17D52A9D6F77}.Debug|x86.ActiveCfg = Debug|Any CPU
		{09E92871-BA7E-434C-A59B-17D52A9D6F77}.Debug|x86.Build.0 = Debug|Any CPU
		{09E92871-BA7E-434C-A59B-17D52A9D6F77}.Release|Any CPU.ActiveCfg = Release|Any CPU
		{09E92871-BA7E-434C-A59B-17D52A9D6F77}.Release|Any CPU.Build.0 = Release|Any CPU
		{09E92871-BA7E-434C-A59B-17D52A9D6F77}.Release|x64.ActiveCfg = Release|Any CPU
		{09E92871-BA7E-434C-A59B-17D52A9D6F77}.Release|x64.Build.0 = Release|Any CPU
		{09E92871-BA7E-434C-A59B-17D52A9D6F77}.Release|x86.ActiveCfg = Release|Any CPU
		{09E92871-BA7E-434C-A59B-17D52A9D6F77}.Release|x86.Build.0 = Release|Any CPU
		{48A9E81E-091A-476F-8BA1-841743BAB8A3}.Debug|Any CPU.ActiveCfg = Debug|Any CPU
		{48A9E81E-091A-476F-8BA1-841743BAB8A3}.Debug|Any CPU.Build.0 = Debug|Any CPU
		{48A9E81E-091A-476F-8BA1-841743BAB8A3}.Debug|x64.ActiveCfg = Debug|Any CPU
		{48A9E81E-091A-476F-8BA1-841743BAB8A3}.Debug|x64.Build.0 = Debug|Any CPU
		{48A9E81E-091A-476F-8BA1-841743BAB8A3}.Debug|x86.ActiveCfg = Debug|Any CPU
		{48A9E81E-091A-476F-8BA1-841743BAB8A3}.Debug|x86.Build.0 = Debug|Any CPU
		{48A9E81E-091A-476F-8BA1-841743BAB8A3}.Release|Any CPU.ActiveCfg = Release|Any CPU
		{48A9E81E-091A-476F-8BA1-841743BAB8A3}.Release|Any CPU.Build.0 = Release|Any CPU
		{48A9E81E-091A-476F-8BA1-841743BAB8A3}.Release|x64.ActiveCfg = Release|Any CPU
		{48A9E81E-091A-476F-8BA1-841743BAB8A3}.Release|x64.Build.0 = Release|Any CPU
		{48A9E81E-091A-476F-8BA1-841743BAB8A3}.Release|x86.ActiveCfg = Release|Any CPU
		{48A9E81E-091A-476F-8BA1-841743BAB8A3}.Release|x86.Build.0 = Release|Any CPU
	EndGlobalSection
EndGlobal
